
Microsoft Visual Studio Solution File, Format Version 12.00
# Blend for Visual Studio Version 16
VisualStudioVersion = 16.0.31911.196
MinimumVisualStudioVersion = 10.0.40219.1
Project("{FAE04EC0-301F-11D3-BF4B-00C04F79EFBC}") = "LessonWPF_11.2", "LessonWPF_11.2\LessonWPF_11.2.csproj", "{31EFD29A-B885-4D5C-9F0E-51E6A4EA5E57}"
EndProject
Global
	GlobalSection(SolutionConfigurationPlatforms) = preSolution
		Debug|Any CPU = Debug|Any CPU
		Release|Any CPU = Release|Any CPU
	EndGlobalSection
	GlobalSection(ProjectConfigurationPlatforms) = postSolution
		{31EFD29A-B885-4D5C-9F0E-51E6A4EA5E57}.Debug|Any CPU.ActiveCfg = Debug|Any CPU
		{31EFD29A-B885-4D5C-9F0E-51E6A4EA5E57}.Debug|Any CPU.Build.0 = Debug|Any CPU
		{31EFD29A-B885-4D5C-9F0E-51E6A4EA5E57}.Release|Any CPU.ActiveCfg = Release|Any CPU
		{31EFD29A-B885-4D5C-9F0E-51E6A4EA5E57}.Release|Any CPU.Build.0 = Release|Any CPU
	EndGlobalSection
	GlobalSection(SolutionProperties) = preSolution
		HideSolutionNode = FALSE
	EndGlobalSection
	GlobalSection(ExtensibilityGlobals) = postSolution
		SolutionGuid = {38DB4CB0-A2E6-47C3-9BB0-D61BE4C730BB}
	EndGlobalSection
EndGlobal
